
Microsoft Visual Studio Solution File, Format Version 12.00
# Visual Studio 15
VisualStudioVersion = 15.0.28307.1778
MinimumVisualStudioVersion = 10.0.40219.1
Project("{FAE04EC0-301F-11D3-BF4B-00C04F79EFBC}") = "WebAddressbookTests", "MyFirstTest1\WebAddressbookTests.csproj", "{DF769EA9-AA41-4E4A-8FA5-137AA092E432}"
EndProject
Global
	GlobalSection(SolutionConfigurationPlatforms) = preSolution
		Debug|Any CPU = Debug|Any CPU
		Release|Any CPU = Release|Any CPU
	EndGlobalSection
	GlobalSection(ProjectConfigurationPlatforms) = postSolution
		{DF769EA9-AA41-4E4A-8FA5-137AA092E432}.Debug|Any CPU.ActiveCfg = Debug|Any CPU
		{DF769EA9-AA41-4E4A-8FA5-137AA092E432}.Debug|Any CPU.Build.0 = Debug|Any CPU
		{DF769EA9-AA41-4E4A-8FA5-137AA092E432}.Release|Any CPU.ActiveCfg = Release|Any CPU
		{DF769EA9-AA41-4E4A-8FA5-137AA092E432}.Release|Any CPU.Build.0 = Release|Any CPU
	EndGlobalSection
	GlobalSection(SolutionProperties) = preSolution
		HideSolutionNode = FALSE
	EndGlobalSection
	GlobalSection(ExtensibilityGlobals) = postSolution
		SolutionGuid = {02EEDE9F-E3C3-45E9-B79B-36AD90846CBF}
	EndGlobalSection
EndGlobal
